{
  "version": 1,
  "dependencies": {
    "net10.0-windows10.0.17763": {
      "perfmonitor.contracts": {
        "type": "Project"
      },
      "perfmonitor.core": {
        "type": "Project",
        "dependencies": {
          "PerfMonitor.Contracts": "[0.7.0, )"
        }
      },
      "perfmonitor.ipc.namedpipes": {
        "type": "Project",
        "dependencies": {
          "PerfMonitor.Contracts": "[0.7.0, )",
          "PerfMonitor.Core": "[0.7.0, )"
        }
      }
    }
  }
}